<?xml version="1.0" encoding="utf-8"?>
<Project ToolsVersion="4.0" xmlns="http://schemas.microsoft.com/developer/msbuild/2003">
  <ItemGroup>
    <Filter Include="Source Files">
      <UniqueIdentifier>{6d3b4566-9d63-46f4-885d-bfaa778cde2c}</UniqueIdentifier>
      <Extensions>cpp;c;cxx;rc;def;r;odl;idl;hpj;bat</Extensions>
    </Filter>
    <Filter Include="Header Files">
      <UniqueIdentifier>{6e0a6b21-36db-458f-bdeb-f5deda8a1d8f}</UniqueIdentifier>
      <Extensions>h;hpp;hxx;hm;inl</Extensions>
    </Filter>
    <Filter Include="Resource Files">
      <UniqueIdentifier>{1bb0073c-de41-4939-b357-84f9f7168a46}</UniqueIdentifier>
      <Extensions>ico;cur;bmp;dlg;rc2;rct;bin;rgs;gif;jpg;jpeg;jpe</Extensions>
    </Filter>
  </ItemGroup>
  <ItemGroup>
    <ClCompile Include="AcDlg.cpp">
      <Filter>Source Files</Filter>
    </ClCompile>
    <ClCompile Include="AnounceDlg.cpp">
      <Filter>Source Files</Filter>
    </ClCompile>
    <ClCompile Include="DDFAFrame.cpp">
      <Filter>Source Files</Filter>
    </ClCompile>
    <ClCompile Include="DeleteProduction.cpp">
      <Filter>Source Files</Filter>
    </ClCompile>
    <ClCompile Include="DerivationDlg.cpp">
      <Filter>Source Files</Filter>
    </ClCompile>
    <ClCompile Include="DetDlg.cpp">
      <Filter>Source Files</Filter>
    </ClCompile>
    <ClCompile Include="DFA.cpp">
      <Filter>Source Files</Filter>
    </ClCompile>
    <ClCompile Include="DFAFrame.cpp">
      <Filter>Source Files</Filter>
    </ClCompile>
    <ClCompile Include="EditDlg.cpp">
      <Filter>Source Files</Filter>
    </ClCompile>
    <ClCompile Include="Grammar.cpp">
      <Filter>Source Files</Filter>
    </ClCompile>
    <ClCompile Include="MLTP.cpp">
      <Filter>Source Files</Filter>
    </ClCompile>
    <ClCompile Include="MLTPDlg.cpp">
      <Filter>Source Files</Filter>
    </ClCompile>
    <ClCompile Include="NewgrammarDlg.cpp">
      <Filter>Source Files</Filter>
    </ClCompile>
    <ClCompile Include="NewTerminal.cpp">
      <Filter>Source Files</Filter>
    </ClCompile>
    <ClCompile Include="NewVarDlg.cpp">
      <Filter>Source Files</Filter>
    </ClCompile>
    <ClCompile Include="NFA.cpp">
      <Filter>Source Files</Filter>
    </ClCompile>
    <ClCompile Include="PDlg.cpp">
      <Filter>Source Files</Filter>
    </ClCompile>
    <ClCompile Include="PInfo.cpp">
      <Filter>Source Files</Filter>
    </ClCompile>
    <ClCompile Include="Production.cpp">
      <Filter>Source Files</Filter>
    </ClCompile>
    <ClCompile Include="RegularGrammar.cpp">
      <Filter>Source Files</Filter>
    </ClCompile>
    <ClCompile Include="RGInfo.cpp">
      <Filter>Source Files</Filter>
    </ClCompile>
    <ClCompile Include="SAccepted.cpp">
      <Filter>Source Files</Filter>
    </ClCompile>
    <ClCompile Include="SAcception.cpp">
      <Filter>Source Files</Filter>
    </ClCompile>
    <ClCompile Include="State.cpp">
      <Filter>Source Files</Filter>
    </ClCompile>
    <ClCompile Include="StdAfx.cpp">
      <Filter>Source Files</Filter>
    </ClCompile>
    <ClCompile Include="TFMember.cpp">
      <Filter>Source Files</Filter>
    </ClCompile>
    <ClCompile Include="TransitionFunction.cpp">
      <Filter>Source Files</Filter>
    </ClCompile>
  </ItemGroup>
  <ItemGroup>
    <ResourceCompile Include="MLTP.rc">
      <Filter>Source Files</Filter>
    </ResourceCompile>
  </ItemGroup>
  <ItemGroup>
    <ClInclude Include="AcDlg.h">
      <Filter>Header Files</Filter>
    </ClInclude>
    <ClInclude Include="AnounceDlg.h">
      <Filter>Header Files</Filter>
    </ClInclude>
    <ClInclude Include="DDFAFrame.h">
      <Filter>Header Files</Filter>
    </ClInclude>
    <ClInclude Include="DeleteProduction.h">
      <Filter>Header Files</Filter>
    </ClInclude>
    <ClInclude Include="DerivationDlg.h">
      <Filter>Header Files</Filter>
    </ClInclude>
    <ClInclude Include="DetDlg.h">
      <Filter>Header Files</Filter>
    </ClInclude>
    <ClInclude Include="DFA.h">
      <Filter>Header Files</Filter>
    </ClInclude>
    <ClInclude Include="DFAFrame.h">
      <Filter>Header Files</Filter>
    </ClInclude>
    <ClInclude Include="EditDlg.h">
      <Filter>Header Files</Filter>
    </ClInclude>
    <ClInclude Include="Grammar.h">
      <Filter>Header Files</Filter>
    </ClInclude>
    <ClInclude Include="MLTP.h">
      <Filter>Header Files</Filter>
    </ClInclude>
    <ClInclude Include="MLTPDlg.h">
      <Filter>Header Files</Filter>
    </ClInclude>
    <ClInclude Include="NewgrammarDlg.h">
      <Filter>Header Files</Filter>
    </ClInclude>
    <ClInclude Include="NewTerminal.h">
      <Filter>Header Files</Filter>
    </ClInclude>
    <ClInclude Include="NewVarDlg.h">
      <Filter>Header Files</Filter>
    </ClInclude>
    <ClInclude Include="NFA.h">
      <Filter>Header Files</Filter>
    </ClInclude>
    <ClInclude Include="PDlg.h">
      <Filter>Header Files</Filter>
    </ClInclude>
    <ClInclude Include="PInfo.h">
      <Filter>Header Files</Filter>
    </ClInclude>
    <ClInclude Include="Production.h">
      <Filter>Header Files</Filter>
    </ClInclude>
    <ClInclude Include="RegularGrammar.h">
      <Filter>Header Files</Filter>
    </ClInclude>
    <ClInclude Include="Resource.h">
      <Filter>Header Files</Filter>
    </ClInclude>
    <ClInclude Include="RGInfo.h">
      <Filter>Header Files</Filter>
    </ClInclude>
    <ClInclude Include="SAccepted.h">
      <Filter>Header Files</Filter>
    </ClInclude>
    <ClInclude Include="SAcception.h">
      <Filter>Header Files</Filter>
    </ClInclude>
    <ClInclude Include="State.h">
      <Filter>Header Files</Filter>
    </ClInclude>
    <ClInclude Include="StdAfx.h">
      <Filter>Header Files</Filter>
    </ClInclude>
    <ClInclude Include="TFMember.h">
      <Filter>Header Files</Filter>
    </ClInclude>
    <ClInclude Include="TransitionFunction.h">
      <Filter>Header Files</Filter>
    </ClInclude>
  </ItemGroup>
  <ItemGroup>
    <Image Include="res\MLTP.ico">
      <Filter>Resource Files</Filter>
    </Image>
  </ItemGroup>
  <ItemGroup>
    <Text Include="ReadMe.txt" />
  </ItemGroup>
  <ItemGroup>
    <CustomBuild Include="res\MLTP.rc2">
      <Filter>Resource Files</Filter>
    </CustomBuild>
  </ItemGroup>
</Project>